// !$*UTF8*$!
{
	archiveVersion = 1;
	classes = {
	};
	objectVersion = 50;
	objects = {

/* Begin PBXBuildFile section */
		6B502674212D895500321067 /* AppDelegate.swift in Sources */ = {isa = PBXBuildFile; fileRef = 6B502673212D895500321067 /* AppDelegate.swift */; };
		6B502676212D895500321067 /* ViewController.swift in Sources */ = {isa = PBXBuildFile; fileRef = 6B502675212D895500321067 /* ViewController.swift */; };
		6B502679212D895500321067 /* Main.storyboard in Resources */ = {isa = PBXBuildFile; fileRef = 6B502677212D895500321067 /* Main.storyboard */; };
		6B50267B212D895600321067 /* Assets.xcassets in Resources */ = {isa = PBXBuildFile; fileRef = 6B50267A212D895600321067 /* Assets.xcassets */; };
		6B50267E212D895600321067 /* LaunchScreen.storyboard in Resources */ = {isa = PBXBuildFile; fileRef = 6B50267C212D895600321067 /* LaunchScreen.storyboard */; };
		E79262E05FF7E26278BD2E51 /* Pods_GithubTrendingProjects.framework in Frameworks */ = {isa = PBXBuildFile; fileRef = A3A79815C9151D908FD40CE8 /* Pods_GithubTrendingProjects.framework */; };
/* End PBXBuildFile section */

/* Begin PBXFileReference section */
		6B502670212D895500321067 /* GithubTrendingProjects.app */ = {isa = PBXFileReference; explicitFileType = wrapper.application; includeInIndex = 0; path = GithubTrendingProjects.app; sourceTree = BUILT_PRODUCTS_DIR; };
		6B502673212D895500321067 /* AppDelegate.swift */ = {isa = PBXFileReference; lastKnownFileType = sourcecode.swift; path = AppDelegate.swift; sourceTree = "<group>"; };
		6B502675212D895500321067 /* ViewController.swift */ = {isa = PBXFileReference; lastKnownFileType = sourcecode.swift; path = ViewController.swift; sourceTree = "<group>"; };
		6B502678212D895500321067 /* Base */ = {isa = PBXFileReference; lastKnownFileType = file.storyboard; name = Base; path = Base.lproj/Main.storyboard; sourceTree = "<group>"; };
		6B50267A212D895600321067 /* Assets.xcassets */ = {isa = PBXFileReference; lastKnownFileType = folder.assetcatalog; path = Assets.xcassets; sourceTree = "<group>"; };
		6B50267D212D895600321067 /* Base */ = {isa = PBXFileReference; lastKnownFileType = file.storyboard; name = Base; path = Base.lproj/LaunchScreen.storyboard; sourceTree = "<group>"; };
		6B50267F212D895600321067 /* Info.plist */ = {isa = PBXFileReference; lastKnownFileType = text.plist.xml; path = Info.plist; sourceTree = "<group>"; };
		8074D309DE5E2795D137624E /* Pods-GithubTrendingProjects.debug.xcconfig */ = {isa = PBXFileReference; includeInIndex = 1; lastKnownFileType = text.xcconfig; name = "Pods-GithubTrendingProjects.debug.xcconfig"; path = "Pods/Target Support Files/Pods-GithubTrendingProjects/Pods-GithubTrendingProjects.debug.xcconfig"; sourceTree = "<group>"; };
		A3A79815C9151D908FD40CE8 /* Pods_GithubTrendingProjects.framework */ = {isa = PBXFileReference; explicitFileType = wrapper.framework; includeInIndex = 0; path = Pods_GithubTrendingProjects.framework; sourceTree = BUILT_PRODUCTS_DIR; };
		F1726B5D69933B7D01E5FCDB /* Pods-GithubTrendingProjects.release.xcconfig */ = {isa = PBXFileReference; includeInIndex = 1; lastKnownFileType = text.xcconfig; name = "Pods-GithubTrendingProjects.release.xcconfig"; path = "Pods/Target Support Files/Pods-GithubTrendingProjects/Pods-GithubTrendingProjects.release.xcconfig"; sourceTree = "<group>"; };
/* End PBXFileReference section */

/* Begin PBXFrameworksBuildPhase section */
		6B50266D212D895500321067 /* Frameworks */ = {
			isa = PBXFrameworksBuildPhase;
			buildActionMask = 2147483647;
			files = (
				E79262E05FF7E26278BD2E51 /* Pods_GithubTrendingProjects.framework in Frameworks */,
			);
			runOnlyForDeploymentPostprocessing = 0;
		};
/* End PBXFrameworksBuildPhase section */

/* Begin PBXGroup section */
		6B502667212D895500321067 = {
			isa = PBXGroup;
			children = (
				6B502672212D895500321067 /* GithubTrendingProjects */,
				6B502671212D895500321067 /* Products */,
				A1D7A096401F9A73E50E04BC /* Pods */,
				BBDE184A2843AD215123FAFA /* Frameworks */,
			);
			sourceTree = "<group>";
		};
		6B502671212D895500321067 /* Products */ = {
			isa = PBXGroup;
			children = (
				6B502670212D895500321067 /* GithubTrendingProjects.app */,
			);
			name = Products;
			sourceTree = "<group>";
		};
		6B502672212D895500321067 /* GithubTrendingProjects */ = {
			isa = PBXGroup;
			children = (
				6B502673212D895500321067 /* AppDelegate.swift */,
				6B502675212D895500321067 /* ViewController.swift */,
				6B502677212D895500321067 /* Main.storyboard */,
				6B50267A212D895600321067 /* Assets.xcassets */,
				6B50267C212D895600321067 /* LaunchScreen.storyboard */,
				6B50267F212D895600321067 /* Info.plist */,
			);
			path = GithubTrendingProjects;
			sourceTree = "<group>";
		};
		A1D7A096401F9A73E50E04BC /* Pods */ = {
			isa = PBXGroup;
			children = (
				8074D309DE5E2795D137624E /* Pods-GithubTrendingProjects.debug.xcconfig */,
				F1726B5D69933B7D01E5FCDB /* Pods-GithubTrendingProjects.release.xcconfig */,
			);
			name = Pods;
			sourceTree = "<group>";
		};
		BBDE184A2843AD215123FAFA /* Frameworks */ = {
			isa = PBXGroup;
			children = (
				A3A79815C9151D908FD40CE8 /* Pods_GithubTrendingProjects.framework */,
			);
			name = Frameworks;
			sourceTree = "<group>";
		};
/* End PBXGroup section */

/* Begin PBXNativeTarget section */
		6B50266F212D895500321067 /* GithubTrendingProjects */ = {
			isa = PBXNativeTarget;
			buildConfigurationList = 6B502682212D895600321067 /* Build configuration list for PBXNativeTarget "GithubTrendingProjects" */;
			buildPhases = (
				C4EF76E276D14622073419EA /* [CP] Check Pods Manifest.lock */,
				6B50266C212D895500321067 /* Sources */,
				6B50266D212D895500321067 /* Frameworks */,
				6B50266E212D895500321067 /* Resources */,
				F5A088046F2B6FCF664DF16D /* [CP] Embed Pods Frameworks */,
			);
			buildRules = (
			);
			dependencies = (
			);
			name = GithubTrendingProjects;
			productName = GithubTrendingProjects;
			productReference = 6B502670212D895500321067 /* GithubTrendingProjects.app */;
			productType = "com.apple.product-type.application";
		};
/* End PBXNativeTarget section */

/* Begin PBXProject section */
		6B502668212D895500321067 /* Project object */ = {
			isa = PBXProject;
			attributes = {
				LastSwiftUpdateCheck = 0940;
				LastUpgradeCheck = 0940;
				ORGANIZATIONNAME = "Dang Quoc Huy";
				TargetAttributes = {
					6B50266F212D895500321067 = {
						CreatedOnToolsVersion = 9.4.1;
					};
				};
			};
			buildConfigurationList = 6B50266B212D895500321067 /* Build configuration list for PBXProject "GithubTrendingProjects" */;
			compatibilityVersion = "Xcode 9.3";
			developmentRegion = en;
			hasScannedForEncodings = 0;
			knownRegions = (
				en,
				Base,
			);
			mainGroup = 6B502667212D895500321067;
			productRefGroup = 6B502671212D895500321067 /* Products */;
			projectDirPath = "";
			projectRoot = "";
			targets = (
				6B50266F212D895500321067 /* GithubTrendingProjects */,
			);
		};
/* End PBXProject section */

/* Begin PBXResourcesBuildPhase section */
		6B50266E212D895500321067 /* Resources */ = {
			isa = PBXResourcesBuildPhase;
			buildActionMask = 2147483647;
			files = (
				6B50267E212D895600321067 /* LaunchScreen.storyboard in Resources */,
				6B50267B212D895600321067 /* Assets.xcassets in Resources */,
				6B502679212D895500321067 /* Main.storyboard in Resources */,
			);
			runOnlyForDeploymentPostprocessing = 0;
		};
/* End PBXResourcesBuildPhase section */

/* Begin PBXShellScriptBuildPhase section */
		C4EF76E276D14622073419EA /* [CP] Check Pods Manifest.lock */ = {
			isa = PBXShellScriptBuildPhase;
			buildActionMask = 2147483647;
			files = (
			);
			inputPaths = (
				"${PODS_PODFILE_DIR_PATH}/Podfile.lock",
				"${PODS_ROOT}/Manifest.lock",
			);
			name = "[CP] Check Pods Manifest.lock";
			outputPaths = (
				"$(DERIVED_FILE_DIR)/Pods-GithubTrendingProjects-checkManifestLockResult.txt",
			);
			runOnlyForDeploymentPostprocessing = 0;
			shellPath = /bin/sh;
			shellScript = "diff \"${PODS_PODFILE_DIR_PATH}/Podfile.lock\" \"${PODS_ROOT}/Manifest.lock\" > /dev/null\nif [ $? != 0 ] ; then\n    # print error to STDERR\n    echo \"error: The sandbox is not in sync with the Podfile.lock. Run 'pod install' or update your CocoaPods installation.\" >&2\n    exit 1\nfi\n# This output is used by Xcode 'outputs' to avoid re-running this script phase.\necho \"SUCCESS\" > \"${SCRIPT_OUTPUT_FILE_0}\"\n";
			showEnvVarsInLog = 0;
		};
		F5A088046F2B6FCF664DF16D /* [CP] Embed Pods Frameworks */ = {
			isa = PBXShellScriptBuildPhase;
			buildActionMask = 2147483647;
			files = (
			);
			inputPaths = (
				"${SRCROOT}/Pods/Target Support Files/Pods-GithubTrendingProjects/Pods-GithubTrendingProjects-frameworks.sh",
				"${BUILT_PRODUCTS_DIR}/Alamofire/Alamofire.framework",
			);
			name = "[CP] Embed Pods Frameworks";
			outputPaths = (
				"${TARGET_BUILD_DIR}/${FRAMEWORKS_FOLDER_PATH}/Alamofire.framework",
			);
			runOnlyForDeploymentPostprocessing = 0;
			shellPath = /bin/sh;
			shellScript = "\"${SRCROOT}/Pods/Target Support Files/Pods-GithubTrendingProjects/Pods-GithubTrendingProjects-frameworks.sh\"\n";
			showEnvVarsInLog = 0;
		};
/* End PBXShellScriptBuildPhase section */

/* Begin PBXSourcesBuildPhase section */
		6B50266C212D895500321067 /* Sources */ = {
			isa = PBXSourcesBuildPhase;
			buildActionMask = 2147483647;
			files = (
				6B502676212D895500321067 /* ViewController.swift in Sources */,
				6B502674212D895500321067 /* AppDelegate.swift in Sources */,
			);
			runOnlyForDeploymentPostprocessing = 0;
		};
/* End PBXSourcesBuildPhase section */

/* Begin PBXVariantGroup section */
		6B502677212D895500321067 /* Main.storyboard */ = {
			isa = PBXVariantGroup;
			children = (
				6B502678212D895500321067 /* Base */,
			);
			name = Main.storyboard;
			sourceTree = "<group>";
		};
		6B50267C212D895600321067 /* LaunchScreen.storyboard */ = {
			isa = PBXVariantGroup;
			children = (
				6B50267D212D895600321067 /* Base */,
			);
			name = LaunchScreen.storyboard;
			sourceTree = "<group>";
		};
/* End PBXVariantGroup section */

/* Begin XCBuildConfiguration section */
		6B502680212D895600321067 /* Debug */ = {
			isa = XCBuildConfiguration;
			buildSettings = {
				ALWAYS_SEARCH_USER_PATHS = NO;
				CLANG_ANALYZER_NONNULL = YES;
				CLANG_ANALYZER_NUMBER_OBJECT_CONVERSION = YES_AGGRESSIVE;
				CLANG_CXX_LANGUAGE_STANDARD = "gnu++14";
				CLANG_CXX_LIBRARY = "libc++";
				CLANG_ENABLE_MODULES = YES;
				CLANG_ENABLE_OBJC_ARC = YES;
				CLANG_ENABLE_OBJC_WEAK = YES;
				CLANG_WARN_BLOCK_CAPTURE_AUTORELEASING = YES;
				CLANG_WARN_BOOL_CONVERSION = YES;
				CLANG_WARN_COMMA = YES;
				CLANG_WARN_CONSTANT_CONVERSION = YES;
				CLANG_WARN_DEPRECATED_OBJC_IMPLEMENTATIONS = YES;
				CLANG_WARN_DIRECT_OBJC_ISA_USAGE = YES_ERROR;
				CLANG_WARN_DOCUMENTATION_COMMENTS = YES;
				CLANG_WARN_EMPTY_BODY = YES;
				CLANG_WARN_ENUM_CONVERSION = YES;
				CLANG_WARN_INFINITE_RECURSION = YES;
				CLANG_WARN_INT_CONVERSION = YES;
				CLANG_WARN_NON_LITERAL_NULL_CONVERSION = YES;
				CLANG_WARN_OBJC_IMPLICIT_RETAIN_SELF = YES;
				CLANG_WARN_OBJC_LITERAL_CONVERSION = YES;
				CLANG_WARN_OBJC_ROOT_CLASS = YES_ERROR;
				CLANG_WARN_RANGE_LOOP_ANALYSIS = YES;
				CLANG_WARN_STRICT_PROTOTYPES = YES;
				CLANG_WARN_SUSPICIOUS_MOVE = YES;
				CLANG_WARN_UNGUARDED_AVAILABILITY = YES_AGGRESSIVE;
				CLANG_WARN_UNREACHABLE_CODE = YES;
				CLANG_WARN__DUPLICATE_METHOD_MATCH = YES;
				CODE_SIGN_IDENTITY = "iPhone Developer";
				COPY_PHASE_STRIP = NO;
				DEBUG_INFORMATION_FORMAT = dwarf;
				ENABLE_STRICT_OBJC_MSGSEND = YES;
				ENABLE_TESTABILITY = YES;
				GCC_C_LANGUAGE_STANDARD = gnu11;
				GCC_DYNAMIC_NO_PIC = NO;
				GCC_NO_COMMON_BLOCKS = YES;
				GCC_OPTIMIZATION_LEVEL = 0;
				GCC_PREPROCESSOR_DEFINITIONS = (
					"DEBUG=1",
					"$(inherited)",
				);
				GCC_WARN_64_TO_32_BIT_CONVERSION = YES;
				GCC_WARN_ABOUT_RETURN_TYPE = YES_ERROR;
				GCC_WARN_UNDECLARED_SELECTOR = YES;
				GCC_WARN_UNINITIALIZED_AUTOS = YES_AGGRESSIVE;
				GCC_WARN_UNUSED_FUNCTION = YES;
				GCC_WARN_UNUSED_VARIABLE = YES;
				IPHONEOS_DEPLOYMENT_TARGET = 11.4;
				MTL_ENABLE_DEBUG_INFO = YES;
				ONLY_ACTIVE_ARCH = YES;
				SDKROOT = iphoneos;
				SWIFT_ACTIVE_COMPILATION_CONDITIONS = DEBUG;
				SWIFT_OPTIMIZATION_LEVEL = "-Onone";
			};
			name = Debug;
		};
		6B502681212D895600321067 /* Release */ = {
			isa = XCBuildConfiguration;
			buildSettings = {
				ALWAYS_SEARCH_USER_PATHS = NO;
				CLANG_ANALYZER_NONNULL = YES;
				CLANG_ANALYZER_NUMBER_OBJECT_CONVERSION = YES_AGGRESSIVE;
				CLANG_CXX_LANGUAGE_STANDARD = "gnu++14";
				CLANG_CXX_LIBRARY = "libc++";
				CLANG_ENABLE_MODULES = YES;
				CLANG_ENABLE_OBJC_ARC = YES;
				CLANG_ENABLE_OBJC_WEAK = YES;
				CLANG_WARN_BLOCK_CAPTURE_AUTORELEASING = YES;
				CLANG_WARN_BOOL_CONVERSION = YES;
				CLANG_WARN_COMMA = YES;
				CLANG_WARN_CONSTANT_CONVERSION = YES;
				CLANG_WARN_DEPRECATED_OBJC_IMPLEMENTATIONS = YES;
				CLANG_WARN_DIRECT_OBJC_ISA_USAGE = YES_ERROR;
				CLANG_WARN_DOCUMENTATION_COMMENTS = YES;
				CLANG_WARN_EMPTY_BODY = YES;
				CLANG_WARN_ENUM_CONVERSION = YES;
				CLANG_WARN_INFINITE_RECURSION = YES;
				CLANG_WARN_INT_CONVERSION = YES;
				CLANG_WARN_NON_LITERAL_NULL_CONVERSION = YES;
				CLANG_WARN_OBJC_IMPLICIT_RETAIN_SELF = YES;
				CLANG_WARN_OBJC_LITERAL_CONVERSION = YES;
				CLANG_WARN_OBJC_ROOT_CLASS = YES_ERROR;
				CLANG_WARN_RANGE_LOOP_ANALYSIS = YES;
				CLANG_WARN_STRICT_PROTOTYPES = YES;
				CLANG_WARN_SUSPICIOUS_MOVE = YES;
				CLANG_WARN_UNGUARDED_AVAILABILITY = YES_AGGRESSIVE;
				CLANG_WARN_UNREACHABLE_CODE = YES;
				CLANG_WARN__DUPLICATE_METHOD_MATCH = YES;
				CODE_SIGN_IDENTITY = "iPhone Developer";
				COPY_PHASE_STRIP = NO;
				DEBUG_INFORMATION_FORMAT = "dwarf-with-dsym";
				ENABLE_NS_ASSERTIONS = NO;
				ENABLE_STRICT_OBJC_MSGSEND = YES;
				GCC_C_LANGUAGE_STANDARD = gnu11;
				GCC_NO_COMMON_BLOCKS = YES;
				GCC_WARN_64_TO_32_BIT_CONVERSION = YES;
				GCC_WARN_ABOUT_RETURN_TYPE = YES_ERROR;
				GCC_WARN_UNDECLARED_SELECTOR = YES;
				GCC_WARN_UNINITIALIZED_AUTOS = YES_AGGRESSIVE;
				GCC_WARN_UNUSED_FUNCTION = YES;
				GCC_WARN_UNUSED_VARIABLE = YES;
				IPHONEOS_DEPLOYMENT_TARGET = 11.4;
				MTL_ENABLE_DEBUG_INFO = NO;
				SDKROOT = iphoneos;
				SWIFT_COMPILATION_MODE = wholemodule;
				SWIFT_OPTIMIZATION_LEVEL = "-O";
				VALIDATE_PRODUCT = YES;
			};
			name = Release;
		};
		6B502683212D895600321067 /* Debug */ = {
			isa = XCBuildConfiguration;
			baseConfigurationReference = 8074D309DE5E2795D137624E /* Pods-GithubTrendingProjects.debug.xcconfig */;
			buildSettings = {
				ASSETCATALOG_COMPILER_APPICON_NAME = AppIcon;
				CODE_SIGN_STYLE = Automatic;
				DEVELOPMENT_TEAM = AA388QFS75;
				INFOPLIST_FILE = GithubTrendingProjects/Info.plist;
				LD_RUNPATH_SEARCH_PATHS = (
					"$(inherited)",
					"@executable_path/Frameworks",
				);
				PRODUCT_BUNDLE_IDENTIFIER = com.huydang.GithubTrendingProjects;
				PRODUCT_NAME = "$(TARGET_NAME)";
				SWIFT_VERSION = 4.0;
				TARGETED_DEVICE_FAMILY = "1,2";
			};
			name = Debug;
		};
		6B502684212D895600321067 /* Release */ = {
			isa = XCBuildConfiguration;
			baseConfigurationReference = F1726B5D69933B7D01E5FCDB /* Pods-GithubTrendingProjects.release.xcconfig */;
			buildSettings = {
				ASSETCATALOG_COMPILER_APPICON_NAME = AppIcon;
				CODE_SIGN_STYLE = Automatic;
				DEVELOPMENT_TEAM = AA388QFS75;
				INFOPLIST_FILE = GithubTrendingProjects/Info.plist;
				LD_RUNPATH_SEARCH_PATHS = (
					"$(inherited)",
					"@executable_path/Frameworks",
				);
				PRODUCT_BUNDLE_IDENTIFIER = com.huydang.GithubTrendingProjects;
				PRODUCT_NAME = "$(TARGET_NAME)";
				SWIFT_VERSION = 4.0;
				TARGETED_DEVICE_FAMILY = "1,2";
			};
			name = Release;
		};
/* End XCBuildConfiguration section */

/* Begin XCConfigurationList section */
		6B50266B212D895500321067 /* Build configuration list for PBXProject "GithubTrendingProjects" */ = {
			isa = XCConfigurationList;
			buildConfigurations = (
				6B502680212D895600321067 /* Debug */,
				6B502681212D895600321067 /* Release */,
			);
			defaultConfigurationIsVisible = 0;
			defaultConfigurationName = Release;
		};
		6B502682212D895600321067 /* Build configuration list for PBXNativeTarget "GithubTrendingProjects" */ = {
			isa = XCConfigurationList;
			buildConfigurations = (
				6B502683212D895600321067 /* Debug */,
				6B502684212D895600321067 /* Release */,
			);
			defaultConfigurationIsVisible = 0;
			defaultConfigurationName = Release;
		};
/* End XCConfigurationList section */
	};
	rootObject = 6B502668212D895500321067 /* Project object */;
}
